<?xml version="1.0" encoding="utf-8"?>
<Project ToolsVersion="4.0" xmlns="http://schemas.microsoft.com/developer/msbuild/2003">
  <ItemGroup>
    <Filter Include="Source Files">
      <UniqueIdentifier>{4FC737F1-C7A5-4376-A066-2A32D752A2FF}</UniqueIdentifier>
      <Extensions>cpp;c;cc;cxx;c++;cppm;ixx;def;odl;idl;hpj;bat;asm;asmx</Extensions>
    </Filter>
    <Filter Include="Header Files">
      <UniqueIdentifier>{93995380-89BD-4b04-88EB-625FBE52EBFB}</UniqueIdentifier>
      <Extensions>h;hh;hpp;hxx;h++;hm;inl;inc;ipp;xsd</Extensions>
    </Filter>
    <Filter Include="Resource Files">
      <UniqueIdentifier>{67DA6AB6-F800-4c08-8B7A-83BB121AAD01}</UniqueIdentifier>
      <Extensions>rc;ico;cur;bmp;dlg;rc2;rct;bin;rgs;gif;jpg;jpeg;jpe;resx;tiff;tif;png;wav;mfcribbon-ms</Extensions>
    </Filter>
    <Filter Include="DataStructures">
      <UniqueIdentifier>{14205598-6db4-4541-b66c-667e46d93831}</UniqueIdentifier>
    </Filter>
    <Filter Include="DataStructures\Basic ADT">
      <UniqueIdentifier>{a33447f4-9d50-404c-a012-dc7db9d633a5}</UniqueIdentifier>
    </Filter>
    <Filter Include="EarthUnits">
      <UniqueIdentifier>{813552b9-9fcc-435e-ada6-3c8ec498d3c6}</UniqueIdentifier>
    </Filter>
    <Filter Include="AlienUnits">
      <UniqueIdentifier>{9751e120-d84e-467e-9861-fb14b0db042a}</UniqueIdentifier>
    </Filter>
    <Filter Include="ArmyUnits">
      <UniqueIdentifier>{b5ade964-ae0d-44b9-ab1a-bcc8e37e32eb}</UniqueIdentifier>
    </Filter>
    <Filter Include="Earth Lists">
      <UniqueIdentifier>{c280a08b-57ab-4a2c-bd5c-4a14f7980774}</UniqueIdentifier>
    </Filter>
    <Filter Include="Alien Lists">
      <UniqueIdentifier>{4edbe4e0-0289-42e2-a2e2-04097af451c7}</UniqueIdentifier>
    </Filter>
  </ItemGroup>
  <ItemGroup>
    <ClCompile Include="Alien Invasion.cpp">
      <Filter>Source Files</Filter>
    </ClCompile>
  </ItemGroup>
  <ItemGroup>
    <ClInclude Include="ArmyUnit.h">
      <Filter>Header Files</Filter>
    </ClInclude>
    <ClInclude Include="StackADT.h">
      <Filter>DataStructures\Basic ADT</Filter>
    </ClInclude>
    <ClInclude Include="ArrayStack.h">
      <Filter>DataStructures\Basic ADT</Filter>
    </ClInclude>
    <ClInclude Include="Node.h">
      <Filter>DataStructures\Basic ADT</Filter>
    </ClInclude>
    <ClInclude Include="priNode.h">
      <Filter>DataStructures\Basic ADT</Filter>
    </ClInclude>
    <ClInclude Include="priQueue.h">
      <Filter>DataStructures\Basic ADT</Filter>
    </ClInclude>
    <ClInclude Include="QueueADT.h">
      <Filter>DataStructures\Basic ADT</Filter>
    </ClInclude>
    <ClInclude Include="LinkedQueue.h">
      <Filter>DataStructures\Basic ADT</Filter>
    </ClInclude>
    <ClInclude Include="game.h">
      <Filter>Header Files</Filter>
    </ClInclude>
    <ClInclude Include="gameconfig.h">
      <Filter>Header Files</Filter>
    </ClInclude>
    <ClInclude Include="EarthSoldier.h">
      <Filter>EarthUnits</Filter>
    </ClInclude>
    <ClInclude Include="EarthTank.h">
      <Filter>EarthUnits</Filter>
    </ClInclude>
    <ClInclude Include="EarthGunnery.h">
      <Filter>EarthUnits</Filter>
    </ClInclude>
    <ClInclude Include="AlienSoldier.h">
      <Filter>AlienUnits</Filter>
    </ClInclude>
    <ClInclude Include="AlienMonster.h">
      <Filter>AlienUnits</Filter>
    </ClInclude>
    <ClInclude Include="AlienDrone.h">
      <Filter>AlienUnits</Filter>
    </ClInclude>
    <ClInclude Include="EarthArmy.h">
      <Filter>ArmyUnits</Filter>
    </ClInclude>
    <ClInclude Include="AlienArmy.h">
      <Filter>ArmyUnits</Filter>
    </ClInclude>
    <ClInclude Include="Deque.h">
      <Filter>DataStructures\Basic ADT</Filter>
    </ClInclude>
    <ClInclude Include="GunneryPriQ.h">
      <Filter>Earth Lists</Filter>
    </ClInclude>
    <ClInclude Include="TanksStack.h">
      <Filter>Earth Lists</Filter>
    </ClInclude>
    <ClInclude Include="EarthSoldierQ.h">
      <Filter>Earth Lists</Filter>
    </ClInclude>
    <ClInclude Include="AlienSoldiersQ.h">
      <Filter>Alien Lists</Filter>
    </ClInclude>
    <ClInclude Include="AlienMonstersArr.h">
      <Filter>Alien Lists</Filter>
    </ClInclude>
    <ClInclude Include="AlienDronesDQ.h">
      <Filter>Alien Lists</Filter>
    </ClInclude>
    <ClInclude Include="RandomGenerator.h">
      <Filter>Header Files</Filter>
    </ClInclude>
  </ItemGroup>
  <ItemGroup>
    <Text Include="Generator template.txt">
      <Filter>Resource Files</Filter>
    </Text>
    <Text Include="Generator_Sample.txt">
      <Filter>Resource Files</Filter>
    </Text>
  </ItemGroup>
</Project>