<?xml version="1.0" encoding="utf-8"?>
<Project ToolsVersion="4.0" xmlns="http://schemas.microsoft.com/developer/msbuild/2003">
  <ItemGroup>
    <Filter Include="Source Files">
      <UniqueIdentifier>{4FC737F1-C7A5-4376-A066-2A32D752A2FF}</UniqueIdentifier>
      <Extensions>cpp;c;cc;cxx;c++;cppm;ixx;def;odl;idl;hpj;bat;asm;asmx</Extensions>
    </Filter>
    <Filter Include="Header Files">
      <UniqueIdentifier>{93995380-89BD-4b04-88EB-625FBE52EBFB}</UniqueIdentifier>
      <Extensions>h;hh;hpp;hxx;h++;hm;inl;inc;ipp;xsd</Extensions>
    </Filter>
    <Filter Include="Resource Files">
      <UniqueIdentifier>{67DA6AB6-F800-4c08-8B7A-83BB121AAD01}</UniqueIdentifier>
      <Extensions>rc;ico;cur;bmp;dlg;rc2;rct;bin;rgs;gif;jpg;jpeg;jpe;resx;tiff;tif;png;wav;mfcribbon-ms</Extensions>
    </Filter>
    <Filter Include="DataStructures">
      <UniqueIdentifier>{14205598-6db4-4541-b66c-667e46d93831}</UniqueIdentifier>
    </Filter>
    <Filter Include="DataStructures\Basic ADT">
      <UniqueIdentifier>{a33447f4-9d50-404c-a012-dc7db9d633a5}</UniqueIdentifier>
    </Filter>
    <Filter Include="Source Files\Earth">
      <UniqueIdentifier>{b6e5b650-476f-4098-9274-a94d01c0e754}</UniqueIdentifier>
    </Filter>
    <Filter Include="Source Files\Aliens">
      <UniqueIdentifier>{746dd966-be92-4cc5-a5b4-6067f5d936d3}</UniqueIdentifier>
    </Filter>
    <Filter Include="Source Files\Earth\Lists">
      <UniqueIdentifier>{ce98c66b-8b21-47d5-a88a-ca91f5b34379}</UniqueIdentifier>
    </Filter>
    <Filter Include="Source Files\Earth\Units">
      <UniqueIdentifier>{7fabe0f6-d609-4f47-8631-8b14a30c9c4c}</UniqueIdentifier>
    </Filter>
    <Filter Include="Source Files\Aliens\Lists">
      <UniqueIdentifier>{994775ae-dff9-4d76-9a75-647f3a954edb}</UniqueIdentifier>
    </Filter>
    <Filter Include="Source Files\Aliens\Units">
      <UniqueIdentifier>{5a4de61f-c274-4f26-b875-50bb92227570}</UniqueIdentifier>
    </Filter>
    <Filter Include="Source Files\Control">
      <UniqueIdentifier>{7a45481e-1580-4b8f-99fc-af3f9b615df6}</UniqueIdentifier>
    </Filter>
    <Filter Include="Header Files\Earth">
      <UniqueIdentifier>{659a8fb6-bc44-4a39-920b-c8846d59c334}</UniqueIdentifier>
    </Filter>
    <Filter Include="Header Files\Earth\EarthUnits">
      <UniqueIdentifier>{813552b9-9fcc-435e-ada6-3c8ec498d3c6}</UniqueIdentifier>
    </Filter>
    <Filter Include="Header Files\Earth\Earth Lists">
      <UniqueIdentifier>{c280a08b-57ab-4a2c-bd5c-4a14f7980774}</UniqueIdentifier>
    </Filter>
    <Filter Include="Header Files\Aliens">
      <UniqueIdentifier>{1cc35c08-6cc1-46f9-b6bc-8e7b9f8d2b8c}</UniqueIdentifier>
    </Filter>
    <Filter Include="Header Files\Aliens\AlienUnits">
      <UniqueIdentifier>{9751e120-d84e-467e-9861-fb14b0db042a}</UniqueIdentifier>
    </Filter>
    <Filter Include="Header Files\Aliens\Alien Lists">
      <UniqueIdentifier>{4edbe4e0-0289-42e2-a2e2-04097af451c7}</UniqueIdentifier>
    </Filter>
    <Filter Include="Header Files\Control">
      <UniqueIdentifier>{62b16d72-4c0d-41de-b8f5-7a140d4cdd58}</UniqueIdentifier>
    </Filter>
  </ItemGroup>
  <ItemGroup>
    <ClCompile Include="Alien Invasion.cpp">
      <Filter>Source Files</Filter>
    </ClCompile>
    <ClCompile Include="EarthArmy.cpp">
      <Filter>Source Files\Earth</Filter>
    </ClCompile>
    <ClCompile Include="AlienArmy.cpp">
      <Filter>Source Files\Aliens</Filter>
    </ClCompile>
    <ClCompile Include="EarthSoldierQ.cpp">
      <Filter>Source Files\Earth\Lists</Filter>
    </ClCompile>
    <ClCompile Include="GunneryPriQ.cpp">
      <Filter>Source Files\Earth\Lists</Filter>
    </ClCompile>
    <ClCompile Include="TanksStack.cpp">
      <Filter>Source Files\Earth\Lists</Filter>
    </ClCompile>
    <ClCompile Include="EarthGunnery.cpp">
      <Filter>Source Files\Earth\Units</Filter>
    </ClCompile>
    <ClCompile Include="EarthSoldier.cpp">
      <Filter>Source Files\Earth\Units</Filter>
    </ClCompile>
    <ClCompile Include="EarthTank.cpp">
      <Filter>Source Files\Earth\Units</Filter>
    </ClCompile>
    <ClCompile Include="AlienDronesDQ.cpp">
      <Filter>Source Files\Aliens\Lists</Filter>
    </ClCompile>
    <ClCompile Include="AlienMonstersArr.cpp">
      <Filter>Source Files\Aliens\Lists</Filter>
    </ClCompile>
    <ClCompile Include="AlienSoldiersQ.cpp">
      <Filter>Source Files\Aliens\Lists</Filter>
    </ClCompile>
    <ClCompile Include="AlienDrone.cpp">
      <Filter>Source Files\Aliens\Units</Filter>
    </ClCompile>
    <ClCompile Include="AlienMonster.cpp">
      <Filter>Source Files\Aliens\Units</Filter>
    </ClCompile>
    <ClCompile Include="AlienSoldier.cpp">
      <Filter>Source Files\Aliens\Units</Filter>
    </ClCompile>
    <ClCompile Include="game.cpp">
      <Filter>Source Files\Control</Filter>
    </ClCompile>
    <ClCompile Include="RandomGenerator.cpp">
      <Filter>Source Files\Control</Filter>
    </ClCompile>
    <ClCompile Include="ArmyUnit.cpp">
      <Filter>Source Files\Control</Filter>
    </ClCompile>
  </ItemGroup>
  <ItemGroup>
    <ClInclude Include="StackADT.h">
      <Filter>DataStructures\Basic ADT</Filter>
    </ClInclude>
    <ClInclude Include="ArrayStack.h">
      <Filter>DataStructures\Basic ADT</Filter>
    </ClInclude>
    <ClInclude Include="Node.h">
      <Filter>DataStructures\Basic ADT</Filter>
    </ClInclude>
    <ClInclude Include="priNode.h">
      <Filter>DataStructures\Basic ADT</Filter>
    </ClInclude>
    <ClInclude Include="priQueue.h">
      <Filter>DataStructures\Basic ADT</Filter>
    </ClInclude>
    <ClInclude Include="QueueADT.h">
      <Filter>DataStructures\Basic ADT</Filter>
    </ClInclude>
    <ClInclude Include="LinkedQueue.h">
      <Filter>DataStructures\Basic ADT</Filter>
    </ClInclude>
    <ClInclude Include="EarthSoldier.h">
      <Filter>Header Files\Earth\EarthUnits</Filter>
    </ClInclude>
    <ClInclude Include="EarthTank.h">
      <Filter>Header Files\Earth\EarthUnits</Filter>
    </ClInclude>
    <ClInclude Include="EarthGunnery.h">
      <Filter>Header Files\Earth\EarthUnits</Filter>
    </ClInclude>
    <ClInclude Include="AlienSoldier.h">
      <Filter>Header Files\Aliens\AlienUnits</Filter>
    </ClInclude>
    <ClInclude Include="AlienMonster.h">
      <Filter>Header Files\Aliens\AlienUnits</Filter>
    </ClInclude>
    <ClInclude Include="AlienDrone.h">
      <Filter>Header Files\Aliens\AlienUnits</Filter>
    </ClInclude>
    <ClInclude Include="Deque.h">
      <Filter>DataStructures\Basic ADT</Filter>
    </ClInclude>
    <ClInclude Include="GunneryPriQ.h">
      <Filter>Header Files\Earth\Earth Lists</Filter>
    </ClInclude>
    <ClInclude Include="TanksStack.h">
      <Filter>Header Files\Earth\Earth Lists</Filter>
    </ClInclude>
    <ClInclude Include="EarthSoldierQ.h">
      <Filter>Header Files\Earth\Earth Lists</Filter>
    </ClInclude>
    <ClInclude Include="AlienSoldiersQ.h">
      <Filter>Header Files\Aliens\Alien Lists</Filter>
    </ClInclude>
    <ClInclude Include="AlienMonstersArr.h">
      <Filter>Header Files\Aliens\Alien Lists</Filter>
    </ClInclude>
    <ClInclude Include="AlienDronesDQ.h">
      <Filter>Header Files\Aliens\Alien Lists</Filter>
    </ClInclude>
    <ClInclude Include="EarthArmy.h">
      <Filter>Header Files\Earth</Filter>
    </ClInclude>
    <ClInclude Include="AlienArmy.h">
      <Filter>Header Files\Aliens</Filter>
    </ClInclude>
    <ClInclude Include="ArmyUnit.h">
      <Filter>Header Files\Control</Filter>
    </ClInclude>
    <ClInclude Include="game.h">
      <Filter>Header Files\Control</Filter>
    </ClInclude>
    <ClInclude Include="gameconfig.h">
      <Filter>Header Files\Control</Filter>
    </ClInclude>
    <ClInclude Include="RandomGenerator.h">
      <Filter>Header Files\Control</Filter>
    </ClInclude>
  </ItemGroup>
  <ItemGroup>
    <Text Include="Generator template.txt">
      <Filter>Resource Files</Filter>
    </Text>
    <Text Include="Generator_Sample.txt">
      <Filter>Resource Files</Filter>
    </Text>
  </ItemGroup>
</Project>